// !$*UTF8*$!
{
	archiveVersion = 1;
	classes = {
	};
	objectVersion = 50;
	objects = {

/* Begin PBXBuildFile section */
		7D24DD3E26B167BF00C78338 /* AppDelegate.swift in Sources */ = {isa = PBXBuildFile; fileRef = 7D24DD3D26B167BF00C78338 /* AppDelegate.swift */; };
		7D24DD4026B167BF00C78338 /* SceneDelegate.swift in Sources */ = {isa = PBXBuildFile; fileRef = 7D24DD3F26B167BF00C78338 /* SceneDelegate.swift */; };
		7D24DD4226B167BF00C78338 /* ViewController.swift in Sources */ = {isa = PBXBuildFile; fileRef = 7D24DD4126B167BF00C78338 /* ViewController.swift */; };
		7D24DD4526B167BF00C78338 /* Main.storyboard in Resources */ = {isa = PBXBuildFile; fileRef = 7D24DD4326B167BF00C78338 /* Main.storyboard */; };
		7D24DD4726B167C100C78338 /* Assets.xcassets in Resources */ = {isa = PBXBuildFile; fileRef = 7D24DD4626B167C100C78338 /* Assets.xcassets */; };
		7D24DD4A26B167C100C78338 /* LaunchScreen.storyboard in Resources */ = {isa = PBXBuildFile; fileRef = 7D24DD4826B167C100C78338 /* LaunchScreen.storyboard */; };
		7D24DD5526B167C100C78338 /* TestTaskTests.swift in Sources */ = {isa = PBXBuildFile; fileRef = 7D24DD5426B167C100C78338 /* TestTaskTests.swift */; };
		7D24DD6026B167C100C78338 /* TestTaskUITests.swift in Sources */ = {isa = PBXBuildFile; fileRef = 7D24DD5F26B167C100C78338 /* TestTaskUITests.swift */; };
/* End PBXBuildFile section */

/* Begin PBXContainerItemProxy section */
		7D24DD5126B167C100C78338 /* PBXContainerItemProxy */ = {
			isa = PBXContainerItemProxy;
			containerPortal = 7D24DD3226B167BF00C78338 /* Project object */;
			proxyType = 1;
			remoteGlobalIDString = 7D24DD3926B167BF00C78338;
			remoteInfo = TestTask;
		};
		7D24DD5C26B167C100C78338 /* PBXContainerItemProxy */ = {
			isa = PBXContainerItemProxy;
			containerPortal = 7D24DD3226B167BF00C78338 /* Project object */;
			proxyType = 1;
			remoteGlobalIDString = 7D24DD3926B167BF00C78338;
			remoteInfo = TestTask;
		};
/* End PBXContainerItemProxy section */

/* Begin PBXFileReference section */
		7D24DD3A26B167BF00C78338 /* TestTask.app */ = {isa = PBXFileReference; explicitFileType = wrapper.application; includeInIndex = 0; path = TestTask.app; sourceTree = BUILT_PRODUCTS_DIR; };
		7D24DD3D26B167BF00C78338 /* AppDelegate.swift */ = {isa = PBXFileReference; lastKnownFileType = sourcecode.swift; path = AppDelegate.swift; sourceTree = "<group>"; };
		7D24DD3F26B167BF00C78338 /* SceneDelegate.swift */ = {isa = PBXFileReference; lastKnownFileType = sourcecode.swift; path = SceneDelegate.swift; sourceTree = "<group>"; };
		7D24DD4126B167BF00C78338 /* ViewController.swift */ = {isa = PBXFileReference; lastKnownFileType = sourcecode.swift; path = ViewController.swift; sourceTree = "<group>"; };
		7D24DD4426B167BF00C78338 /* Base */ = {isa = PBXFileReference; lastKnownFileType = file.storyboard; name = Base; path = Base.lproj/Main.storyboard; sourceTree = "<group>"; };
		7D24DD4626B167C100C78338 /* Assets.xcassets */ = {isa = PBXFileReference; lastKnownFileType = folder.assetcatalog; path = Assets.xcassets; sourceTree = "<group>"; };
		7D24DD4926B167C100C78338 /* Base */ = {isa = PBXFileReference; lastKnownFileType = file.storyboard; name = Base; path = Base.lproj/LaunchScreen.storyboard; sourceTree = "<group>"; };
		7D24DD4B26B167C100C78338 /* Info.plist */ = {isa = PBXFileReference; lastKnownFileType = text.plist.xml; path = Info.plist; sourceTree = "<group>"; };
		7D24DD5026B167C100C78338 /* TestTaskTests.xctest */ = {isa = PBXFileReference; explicitFileType = wrapper.cfbundle; includeInIndex = 0; path = TestTaskTests.xctest; sourceTree = BUILT_PRODUCTS_DIR; };
		7D24DD5426B167C100C78338 /* TestTaskTests.swift */ = {isa = PBXFileReference; lastKnownFileType = sourcecode.swift; path = TestTaskTests.swift; sourceTree = "<group>"; };
		7D24DD5626B167C100C78338 /* Info.plist */ = {isa = PBXFileReference; lastKnownFileType = text.plist.xml; path = Info.plist; sourceTree = "<group>"; };
		7D24DD5B26B167C100C78338 /* TestTaskUITests.xctest */ = {isa = PBXFileReference; explicitFileType = wrapper.cfbundle; includeInIndex = 0; path = TestTaskUITests.xctest; sourceTree = BUILT_PRODUCTS_DIR; };
		7D24DD5F26B167C100C78338 /* TestTaskUITests.swift */ = {isa = PBXFileReference; lastKnownFileType = sourcecode.swift; path = TestTaskUITests.swift; sourceTree = "<group>"; };
		7D24DD6126B167C100C78338 /* Info.plist */ = {isa = PBXFileReference; lastKnownFileType = text.plist.xml; path = Info.plist; sourceTree = "<group>"; };
/* End PBXFileReference section */

/* Begin PBXFrameworksBuildPhase section */
		7D24DD3726B167BF00C78338 /* Frameworks */ = {
			isa = PBXFrameworksBuildPhase;
			buildActionMask = 2147483647;
			files = (
			);
			runOnlyForDeploymentPostprocessing = 0;
		};
		7D24DD4D26B167C100C78338 /* Frameworks */ = {
			isa = PBXFrameworksBuildPhase;
			buildActionMask = 2147483647;
			files = (
			);
			runOnlyForDeploymentPostprocessing = 0;
		};
		7D24DD5826B167C100C78338 /* Frameworks */ = {
			isa = PBXFrameworksBuildPhase;
			buildActionMask = 2147483647;
			files = (
			);
			runOnlyForDeploymentPostprocessing = 0;
		};
/* End PBXFrameworksBuildPhase section */

/* Begin PBXGroup section */
		7D24DD3126B167BF00C78338 = {
			isa = PBXGroup;
			children = (
				7D24DD3C26B167BF00C78338 /* TestTask */,
				7D24DD5326B167C100C78338 /* TestTaskTests */,
				7D24DD5E26B167C100C78338 /* TestTaskUITests */,
				7D24DD3B26B167BF00C78338 /* Products */,
			);
			sourceTree = "<group>";
		};
		7D24DD3B26B167BF00C78338 /* Products */ = {
			isa = PBXGroup;
			children = (
				7D24DD3A26B167BF00C78338 /* TestTask.app */,
				7D24DD5026B167C100C78338 /* TestTaskTests.xctest */,
				7D24DD5B26B167C100C78338 /* TestTaskUITests.xctest */,
			);
			name = Products;
			sourceTree = "<group>";
		};
		7D24DD3C26B167BF00C78338 /* TestTask */ = {
			isa = PBXGroup;
			children = (
				7D24DD3D26B167BF00C78338 /* AppDelegate.swift */,
				7D24DD3F26B167BF00C78338 /* SceneDelegate.swift */,
				7D24DD4126B167BF00C78338 /* ViewController.swift */,
				7D24DD4326B167BF00C78338 /* Main.storyboard */,
				7D24DD4626B167C100C78338 /* Assets.xcassets */,
				7D24DD4826B167C100C78338 /* LaunchScreen.storyboard */,
				7D24DD4B26B167C100C78338 /* Info.plist */,
			);
			path = TestTask;
			sourceTree = "<group>";
		};
		7D24DD5326B167C100C78338 /* TestTaskTests */ = {
			isa = PBXGroup;
			children = (
				7D24DD5426B167C100C78338 /* TestTaskTests.swift */,
				7D24DD5626B167C100C78338 /* Info.plist */,
			);
			path = TestTaskTests;
			sourceTree = "<group>";
		};
		7D24DD5E26B167C100C78338 /* TestTaskUITests */ = {
			isa = PBXGroup;
			children = (
				7D24DD5F26B167C100C78338 /* TestTaskUITests.swift */,
				7D24DD6126B167C100C78338 /* Info.plist */,
			);
			path = TestTaskUITests;
			sourceTree = "<group>";
		};
/* End PBXGroup section */

/* Begin PBXNativeTarget section */
		7D24DD3926B167BF00C78338 /* TestTask */ = {
			isa = PBXNativeTarget;
			buildConfigurationList = 7D24DD6426B167C100C78338 /* Build configuration list for PBXNativeTarget "TestTask" */;
			buildPhases = (
				7D24DD3626B167BF00C78338 /* Sources */,
				7D24DD3726B167BF00C78338 /* Frameworks */,
				7D24DD3826B167BF00C78338 /* Resources */,
			);
			buildRules = (
			);
			dependencies = (
			);
			name = TestTask;
			productName = TestTask;
			productReference = 7D24DD3A26B167BF00C78338 /* TestTask.app */;
			productType = "com.apple.product-type.application";
		};
		7D24DD4F26B167C100C78338 /* TestTaskTests */ = {
			isa = PBXNativeTarget;
			buildConfigurationList = 7D24DD6726B167C100C78338 /* Build configuration list for PBXNativeTarget "TestTaskTests" */;
			buildPhases = (
				7D24DD4C26B167C100C78338 /* Sources */,
				7D24DD4D26B167C100C78338 /* Frameworks */,
				7D24DD4E26B167C100C78338 /* Resources */,
			);
			buildRules = (
			);
			dependencies = (
				7D24DD5226B167C100C78338 /* PBXTargetDependency */,
			);
			name = TestTaskTests;
			productName = TestTaskTests;
			productReference = 7D24DD5026B167C100C78338 /* TestTaskTests.xctest */;
			productType = "com.apple.product-type.bundle.unit-test";
		};
		7D24DD5A26B167C100C78338 /* TestTaskUITests */ = {
			isa = PBXNativeTarget;
			buildConfigurationList = 7D24DD6A26B167C100C78338 /* Build configuration list for PBXNativeTarget "TestTaskUITests" */;
			buildPhases = (
				7D24DD5726B167C100C78338 /* Sources */,
				7D24DD5826B167C100C78338 /* Frameworks */,
				7D24DD5926B167C100C78338 /* Resources */,
			);
			buildRules = (
			);
			dependencies = (
				7D24DD5D26B167C100C78338 /* PBXTargetDependency */,
			);
			name = TestTaskUITests;
			productName = TestTaskUITests;
			productReference = 7D24DD5B26B167C100C78338 /* TestTaskUITests.xctest */;
			productType = "com.apple.product-type.bundle.ui-testing";
		};
/* End PBXNativeTarget section */

/* Begin PBXProject section */
		7D24DD3226B167BF00C78338 /* Project object */ = {
			isa = PBXProject;
			attributes = {
				LastSwiftUpdateCheck = 1250;
				LastUpgradeCheck = 1250;
				TargetAttributes = {
					7D24DD3926B167BF00C78338 = {
						CreatedOnToolsVersion = 12.5.1;
					};
					7D24DD4F26B167C100C78338 = {
						CreatedOnToolsVersion = 12.5.1;
						TestTargetID = 7D24DD3926B167BF00C78338;
					};
					7D24DD5A26B167C100C78338 = {
						CreatedOnToolsVersion = 12.5.1;
						TestTargetID = 7D24DD3926B167BF00C78338;
					};
				};
			};
			buildConfigurationList = 7D24DD3526B167BF00C78338 /* Build configuration list for PBXProject "TestTask" */;
			compatibilityVersion = "Xcode 9.3";
			developmentRegion = en;
			hasScannedForEncodings = 0;
			knownRegions = (
				en,
				Base,
			);
			mainGroup = 7D24DD3126B167BF00C78338;
			productRefGroup = 7D24DD3B26B167BF00C78338 /* Products */;
			projectDirPath = "";
			projectRoot = "";
			targets = (
				7D24DD3926B167BF00C78338 /* TestTask */,
				7D24DD4F26B167C100C78338 /* TestTaskTests */,
				7D24DD5A26B167C100C78338 /* TestTaskUITests */,
			);
		};
/* End PBXProject section */

/* Begin PBXResourcesBuildPhase section */
		7D24DD3826B167BF00C78338 /* Resources */ = {
			isa = PBXResourcesBuildPhase;
			buildActionMask = 2147483647;
			files = (
				7D24DD4A26B167C100C78338 /* LaunchScreen.storyboard in Resources */,
				7D24DD4726B167C100C78338 /* Assets.xcassets in Resources */,
				7D24DD4526B167BF00C78338 /* Main.storyboard in Resources */,
			);
			runOnlyForDeploymentPostprocessing = 0;
		};
		7D24DD4E26B167C100C78338 /* Resources */ = {
			isa = PBXResourcesBuildPhase;
			buildActionMask = 2147483647;
			files = (
			);
			runOnlyForDeploymentPostprocessing = 0;
		};
		7D24DD5926B167C100C78338 /* Resources */ = {
			isa = PBXResourcesBuildPhase;
			buildActionMask = 2147483647;
			files = (
			);
			runOnlyForDeploymentPostprocessing = 0;
		};
/* End PBXResourcesBuildPhase section */

/* Begin PBXSourcesBuildPhase section */
		7D24DD3626B167BF00C78338 /* Sources */ = {
			isa = PBXSourcesBuildPhase;
			buildActionMask = 2147483647;
			files = (
				7D24DD4226B167BF00C78338 /* ViewController.swift in Sources */,
				7D24DD3E26B167BF00C78338 /* AppDelegate.swift in Sources */,
				7D24DD4026B167BF00C78338 /* SceneDelegate.swift in Sources */,
			);
			runOnlyForDeploymentPostprocessing = 0;
		};
		7D24DD4C26B167C100C78338 /* Sources */ = {
			isa = PBXSourcesBuildPhase;
			buildActionMask = 2147483647;
			files = (
				7D24DD5526B167C100C78338 /* TestTaskTests.swift in Sources */,
			);
			runOnlyForDeploymentPostprocessing = 0;
		};
		7D24DD5726B167C100C78338 /* Sources */ = {
			isa = PBXSourcesBuildPhase;
			buildActionMask = 2147483647;
			files = (
				7D24DD6026B167C100C78338 /* TestTaskUITests.swift in Sources */,
			);
			runOnlyForDeploymentPostprocessing = 0;
		};
/* End PBXSourcesBuildPhase section */

/* Begin PBXTargetDependency section */
		7D24DD5226B167C100C78338 /* PBXTargetDependency */ = {
			isa = PBXTargetDependency;
			target = 7D24DD3926B167BF00C78338 /* TestTask */;
			targetProxy = 7D24DD5126B167C100C78338 /* PBXContainerItemProxy */;
		};
		7D24DD5D26B167C100C78338 /* PBXTargetDependency */ = {
			isa = PBXTargetDependency;
			target = 7D24DD3926B167BF00C78338 /* TestTask */;
			targetProxy = 7D24DD5C26B167C100C78338 /* PBXContainerItemProxy */;
		};
/* End PBXTargetDependency section */

/* Begin PBXVariantGroup section */
		7D24DD4326B167BF00C78338 /* Main.storyboard */ = {
			isa = PBXVariantGroup;
			children = (
				7D24DD4426B167BF00C78338 /* Base */,
			);
			name = Main.storyboard;
			sourceTree = "<group>";
		};
		7D24DD4826B167C100C78338 /* LaunchScreen.storyboard */ = {
			isa = PBXVariantGroup;
			children = (
				7D24DD4926B167C100C78338 /* Base */,
			);
			name = LaunchScreen.storyboard;
			sourceTree = "<group>";
		};
/* End PBXVariantGroup section */

/* Begin XCBuildConfiguration section */
		7D24DD6226B167C100C78338 /* Debug */ = {
			isa = XCBuildConfiguration;
			buildSettings = {
				ALWAYS_SEARCH_USER_PATHS = NO;
				CLANG_ANALYZER_NONNULL = YES;
				CLANG_ANALYZER_NUMBER_OBJECT_CONVERSION = YES_AGGRESSIVE;
				CLANG_CXX_LANGUAGE_STANDARD = "gnu++14";
				CLANG_CXX_LIBRARY = "libc++";
				CLANG_ENABLE_MODULES = YES;
				CLANG_ENABLE_OBJC_ARC = YES;
				CLANG_ENABLE_OBJC_WEAK = YES;
				CLANG_WARN_BLOCK_CAPTURE_AUTORELEASING = YES;
				CLANG_WARN_BOOL_CONVERSION = YES;
				CLANG_WARN_COMMA = YES;
				CLANG_WARN_CONSTANT_CONVERSION = YES;
				CLANG_WARN_DEPRECATED_OBJC_IMPLEMENTATIONS = YES;
				CLANG_WARN_DIRECT_OBJC_ISA_USAGE = YES_ERROR;
				CLANG_WARN_DOCUMENTATION_COMMENTS = YES;
				CLANG_WARN_EMPTY_BODY = YES;
				CLANG_WARN_ENUM_CONVERSION = YES;
				CLANG_WARN_INFINITE_RECURSION = YES;
				CLANG_WARN_INT_CONVERSION = YES;
				CLANG_WARN_NON_LITERAL_NULL_CONVERSION = YES;
				CLANG_WARN_OBJC_IMPLICIT_RETAIN_SELF = YES;
				CLANG_WARN_OBJC_LITERAL_CONVERSION = YES;
				CLANG_WARN_OBJC_ROOT_CLASS = YES_ERROR;
				CLANG_WARN_QUOTED_INCLUDE_IN_FRAMEWORK_HEADER = YES;
				CLANG_WARN_RANGE_LOOP_ANALYSIS = YES;
				CLANG_WARN_STRICT_PROTOTYPES = YES;
				CLANG_WARN_SUSPICIOUS_MOVE = YES;
				CLANG_WARN_UNGUARDED_AVAILABILITY = YES_AGGRESSIVE;
				CLANG_WARN_UNREACHABLE_CODE = YES;
				CLANG_WARN__DUPLICATE_METHOD_MATCH = YES;
				COPY_PHASE_STRIP = NO;
				DEBUG_INFORMATION_FORMAT = dwarf;
				ENABLE_STRICT_OBJC_MSGSEND = YES;
				ENABLE_TESTABILITY = YES;
				GCC_C_LANGUAGE_STANDARD = gnu11;
				GCC_DYNAMIC_NO_PIC = NO;
				GCC_NO_COMMON_BLOCKS = YES;
				GCC_OPTIMIZATION_LEVEL = 0;
				GCC_PREPROCESSOR_DEFINITIONS = (
					"DEBUG=1",
					"$(inherited)",
				);
				GCC_WARN_64_TO_32_BIT_CONVERSION = YES;
				GCC_WARN_ABOUT_RETURN_TYPE = YES_ERROR;
				GCC_WARN_UNDECLARED_SELECTOR = YES;
				GCC_WARN_UNINITIALIZED_AUTOS = YES_AGGRESSIVE;
				GCC_WARN_UNUSED_FUNCTION = YES;
				GCC_WARN_UNUSED_VARIABLE = YES;
				IPHONEOS_DEPLOYMENT_TARGET = 14.5;
				MTL_ENABLE_DEBUG_INFO = INCLUDE_SOURCE;
				MTL_FAST_MATH = YES;
				ONLY_ACTIVE_ARCH = YES;
				SDKROOT = iphoneos;
				SWIFT_ACTIVE_COMPILATION_CONDITIONS = DEBUG;
				SWIFT_OPTIMIZATION_LEVEL = "-Onone";
			};
			name = Debug;
		};
		7D24DD6326B167C100C78338 /* Release */ = {
			isa = XCBuildConfiguration;
			buildSettings = {
				ALWAYS_SEARCH_USER_PATHS = NO;
				CLANG_ANALYZER_NONNULL = YES;
				CLANG_ANALYZER_NUMBER_OBJECT_CONVERSION = YES_AGGRESSIVE;
				CLANG_CXX_LANGUAGE_STANDARD = "gnu++14";
				CLANG_CXX_LIBRARY = "libc++";
				CLANG_ENABLE_MODULES = YES;
				CLANG_ENABLE_OBJC_ARC = YES;
				CLANG_ENABLE_OBJC_WEAK = YES;
				CLANG_WARN_BLOCK_CAPTURE_AUTORELEASING = YES;
				CLANG_WARN_BOOL_CONVERSION = YES;
				CLANG_WARN_COMMA = YES;
				CLANG_WARN_CONSTANT_CONVERSION = YES;
				CLANG_WARN_DEPRECATED_OBJC_IMPLEMENTATIONS = YES;
				CLANG_WARN_DIRECT_OBJC_ISA_USAGE = YES_ERROR;
				CLANG_WARN_DOCUMENTATION_COMMENTS = YES;
				CLANG_WARN_EMPTY_BODY = YES;
				CLANG_WARN_ENUM_CONVERSION = YES;
				CLANG_WARN_INFINITE_RECURSION = YES;
				CLANG_WARN_INT_CONVERSION = YES;
				CLANG_WARN_NON_LITERAL_NULL_CONVERSION = YES;
				CLANG_WARN_OBJC_IMPLICIT_RETAIN_SELF = YES;
				CLANG_WARN_OBJC_LITERAL_CONVERSION = YES;
				CLANG_WARN_OBJC_ROOT_CLASS = YES_ERROR;
				CLANG_WARN_QUOTED_INCLUDE_IN_FRAMEWORK_HEADER = YES;
				CLANG_WARN_RANGE_LOOP_ANALYSIS = YES;
				CLANG_WARN_STRICT_PROTOTYPES = YES;
				CLANG_WARN_SUSPICIOUS_MOVE = YES;
				CLANG_WARN_UNGUARDED_AVAILABILITY = YES_AGGRESSIVE;
				CLANG_WARN_UNREACHABLE_CODE = YES;
				CLANG_WARN__DUPLICATE_METHOD_MATCH = YES;
				COPY_PHASE_STRIP = NO;
				DEBUG_INFORMATION_FORMAT = "dwarf-with-dsym";
				ENABLE_NS_ASSERTIONS = NO;
				ENABLE_STRICT_OBJC_MSGSEND = YES;
				GCC_C_LANGUAGE_STANDARD = gnu11;
				GCC_NO_COMMON_BLOCKS = YES;
				GCC_WARN_64_TO_32_BIT_CONVERSION = YES;
				GCC_WARN_ABOUT_RETURN_TYPE = YES_ERROR;
				GCC_WARN_UNDECLARED_SELECTOR = YES;
				GCC_WARN_UNINITIALIZED_AUTOS = YES_AGGRESSIVE;
				GCC_WARN_UNUSED_FUNCTION = YES;
				GCC_WARN_UNUSED_VARIABLE = YES;
				IPHONEOS_DEPLOYMENT_TARGET = 14.5;
				MTL_ENABLE_DEBUG_INFO = NO;
				MTL_FAST_MATH = YES;
				SDKROOT = iphoneos;
				SWIFT_COMPILATION_MODE = wholemodule;
				SWIFT_OPTIMIZATION_LEVEL = "-O";
				VALIDATE_PRODUCT = YES;
			};
			name = Release;
		};
		7D24DD6526B167C100C78338 /* Debug */ = {
			isa = XCBuildConfiguration;
			buildSettings = {
				ASSETCATALOG_COMPILER_APPICON_NAME = AppIcon;
				ASSETCATALOG_COMPILER_GLOBAL_ACCENT_COLOR_NAME = AccentColor;
				CODE_SIGN_STYLE = Automatic;
				DEVELOPMENT_TEAM = AWKFZ9P6K7;
				INFOPLIST_FILE = TestTask/Info.plist;
				LD_RUNPATH_SEARCH_PATHS = (
					"$(inherited)",
					"@executable_path/Frameworks",
				);
				PRODUCT_BUNDLE_IDENTIFIER = SerebroD.TestTask;
				PRODUCT_NAME = "$(TARGET_NAME)";
				SWIFT_VERSION = 5.0;
				TARGETED_DEVICE_FAMILY = "1,2";
			};
			name = Debug;
		};
		7D24DD6626B167C100C78338 /* Release */ = {
			isa = XCBuildConfiguration;
			buildSettings = {
				ASSETCATALOG_COMPILER_APPICON_NAME = AppIcon;
				ASSETCATALOG_COMPILER_GLOBAL_ACCENT_COLOR_NAME = AccentColor;
				CODE_SIGN_STYLE = Automatic;
				DEVELOPMENT_TEAM = AWKFZ9P6K7;
				INFOPLIST_FILE = TestTask/Info.plist;
				LD_RUNPATH_SEARCH_PATHS = (
					"$(inherited)",
					"@executable_path/Frameworks",
				);
				PRODUCT_BUNDLE_IDENTIFIER = SerebroD.TestTask;
				PRODUCT_NAME = "$(TARGET_NAME)";
				SWIFT_VERSION = 5.0;
				TARGETED_DEVICE_FAMILY = "1,2";
			};
			name = Release;
		};
		7D24DD6826B167C100C78338 /* Debug */ = {
			isa = XCBuildConfiguration;
			buildSettings = {
				ALWAYS_EMBED_SWIFT_STANDARD_LIBRARIES = YES;
				BUNDLE_LOADER = "$(TEST_HOST)";
				CODE_SIGN_STYLE = Automatic;
				DEVELOPMENT_TEAM = AWKFZ9P6K7;
				INFOPLIST_FILE = TestTaskTests/Info.plist;
				IPHONEOS_DEPLOYMENT_TARGET = 14.5;
				LD_RUNPATH_SEARCH_PATHS = (
					"$(inherited)",
					"@executable_path/Frameworks",
					"@loader_path/Frameworks",
				);
				PRODUCT_BUNDLE_IDENTIFIER = SerebroD.TestTaskTests;
				PRODUCT_NAME = "$(TARGET_NAME)";
				SWIFT_VERSION = 5.0;
				TARGETED_DEVICE_FAMILY = "1,2";
				TEST_HOST = "$(BUILT_PRODUCTS_DIR)/TestTask.app/TestTask";
			};
			name = Debug;
		};
		7D24DD6926B167C100C78338 /* Release */ = {
			isa = XCBuildConfiguration;
			buildSettings = {
				ALWAYS_EMBED_SWIFT_STANDARD_LIBRARIES = YES;
				BUNDLE_LOADER = "$(TEST_HOST)";
				CODE_SIGN_STYLE = Automatic;
				DEVELOPMENT_TEAM = AWKFZ9P6K7;
				INFOPLIST_FILE = TestTaskTests/Info.plist;
				IPHONEOS_DEPLOYMENT_TARGET = 14.5;
				LD_RUNPATH_SEARCH_PATHS = (
					"$(inherited)",
					"@executable_path/Frameworks",
					"@loader_path/Frameworks",
				);
				PRODUCT_BUNDLE_IDENTIFIER = SerebroD.TestTaskTests;
				PRODUCT_NAME = "$(TARGET_NAME)";
				SWIFT_VERSION = 5.0;
				TARGETED_DEVICE_FAMILY = "1,2";
				TEST_HOST = "$(BUILT_PRODUCTS_DIR)/TestTask.app/TestTask";
			};
			name = Release;
		};
		7D24DD6B26B167C100C78338 /* Debug */ = {
			isa = XCBuildConfiguration;
			buildSettings = {
				ALWAYS_EMBED_SWIFT_STANDARD_LIBRARIES = YES;
				CODE_SIGN_STYLE = Automatic;
				DEVELOPMENT_TEAM = AWKFZ9P6K7;
				INFOPLIST_FILE = TestTaskUITests/Info.plist;
				LD_RUNPATH_SEARCH_PATHS = (
					"$(inherited)",
					"@executable_path/Frameworks",
					"@loader_path/Frameworks",
				);
				PRODUCT_BUNDLE_IDENTIFIER = SerebroD.TestTaskUITests;
				PRODUCT_NAME = "$(TARGET_NAME)";
				SWIFT_VERSION = 5.0;
				TARGETED_DEVICE_FAMILY = "1,2";
				TEST_TARGET_NAME = TestTask;
			};
			name = Debug;
		};
		7D24DD6C26B167C100C78338 /* Release */ = {
			isa = XCBuildConfiguration;
			buildSettings = {
				ALWAYS_EMBED_SWIFT_STANDARD_LIBRARIES = YES;
				CODE_SIGN_STYLE = Automatic;
				DEVELOPMENT_TEAM = AWKFZ9P6K7;
				INFOPLIST_FILE = TestTaskUITests/Info.plist;
				LD_RUNPATH_SEARCH_PATHS = (
					"$(inherited)",
					"@executable_path/Frameworks",
					"@loader_path/Frameworks",
				);
				PRODUCT_BUNDLE_IDENTIFIER = SerebroD.TestTaskUITests;
				PRODUCT_NAME = "$(TARGET_NAME)";
				SWIFT_VERSION = 5.0;
				TARGETED_DEVICE_FAMILY = "1,2";
				TEST_TARGET_NAME = TestTask;
			};
			name = Release;
		};
/* End XCBuildConfiguration section */

/* Begin XCConfigurationList section */
		7D24DD3526B167BF00C78338 /* Build configuration list for PBXProject "TestTask" */ = {
			isa = XCConfigurationList;
			buildConfigurations = (
				7D24DD6226B167C100C78338 /* Debug */,
				7D24DD6326B167C100C78338 /* Release */,
			);
			defaultConfigurationIsVisible = 0;
			defaultConfigurationName = Release;
		};
		7D24DD6426B167C100C78338 /* Build configuration list for PBXNativeTarget "TestTask" */ = {
			isa = XCConfigurationList;
			buildConfigurations = (
				7D24DD6526B167C100C78338 /* Debug */,
				7D24DD6626B167C100C78338 /* Release */,
			);
			defaultConfigurationIsVisible = 0;
			defaultConfigurationName = Release;
		};
		7D24DD6726B167C100C78338 /* Build configuration list for PBXNativeTarget "TestTaskTests" */ = {
			isa = XCConfigurationList;
			buildConfigurations = (
				7D24DD6826B167C100C78338 /* Debug */,
				7D24DD6926B167C100C78338 /* Release */,
			);
			defaultConfigurationIsVisible = 0;
			defaultConfigurationName = Release;
		};
		7D24DD6A26B167C100C78338 /* Build configuration list for PBXNativeTarget "TestTaskUITests" */ = {
			isa = XCConfigurationList;
			buildConfigurations = (
				7D24DD6B26B167C100C78338 /* Debug */,
				7D24DD6C26B167C100C78338 /* Release */,
			);
			defaultConfigurationIsVisible = 0;
			defaultConfigurationName = Release;
		};
/* End XCConfigurationList section */
	};
	rootObject = 7D24DD3226B167BF00C78338 /* Project object */;
}
